// !$*UTF8*$!
{
	archiveVersion = 1;
	classes = {
	};
	objectVersion = 46;
	objects = {

/* Begin PBXBuildFile section */
		C5F730AB1EDBE27C6002F549 /* Pods_EstValleyball.framework in Frameworks */ = {isa = PBXBuildFile; fileRef = B6EB32309C2C9B5308BCF582 /* Pods_EstValleyball.framework */; };
		D0698B531D09317C00854814 /* AppDelegate.swift in Sources */ = {isa = PBXBuildFile; fileRef = D0698B521D09317C00854814 /* AppDelegate.swift */; };
		D0698B551D09317C00854814 /* ViewController.swift in Sources */ = {isa = PBXBuildFile; fileRef = D0698B541D09317C00854814 /* ViewController.swift */; };
		D0698B5D1D09317C00854814 /* LaunchScreen.storyboard in Resources */ = {isa = PBXBuildFile; fileRef = D0698B5B1D09317C00854814 /* LaunchScreen.storyboard */; };
		D0698B661D094FB600854814 /* HomeController.swift in Sources */ = {isa = PBXBuildFile; fileRef = D0698B651D094FB600854814 /* HomeController.swift */; };
		D0698B681D09532700854814 /* Constants.swift in Sources */ = {isa = PBXBuildFile; fileRef = D0698B671D09532700854814 /* Constants.swift */; };
		D0698B6A1D0954B900854814 /* StartGameController.swift in Sources */ = {isa = PBXBuildFile; fileRef = D0698B691D0954B900854814 /* StartGameController.swift */; };
		D0698B6D1D0A804000854814 /* GameController.swift in Sources */ = {isa = PBXBuildFile; fileRef = D0698B6C1D0A803F00854814 /* GameController.swift */; };
		D0698B6F1D0AB82800854814 /* PSL053pro_0.ttf in Resources */ = {isa = PBXBuildFile; fileRef = D0698B6E1D0AB82800854814 /* PSL053pro_0.ttf */; };
		D09904741D0C606E0049A99A /* Gyroscope.swift in Sources */ = {isa = PBXBuildFile; fileRef = D09904731D0C606E0049A99A /* Gyroscope.swift */; };
		D09904761D0D76520049A99A /* ResultController.swift in Sources */ = {isa = PBXBuildFile; fileRef = D09904751D0D76520049A99A /* ResultController.swift */; };
		D099047A1D0D7A100049A99A /* MenuController.swift in Sources */ = {isa = PBXBuildFile; fileRef = D09904791D0D7A100049A99A /* MenuController.swift */; };
		D099047D1D0D8C6F0049A99A /* Main.storyboard in Resources */ = {isa = PBXBuildFile; fileRef = D099047B1D0D8C6F0049A99A /* Main.storyboard */; };
		D099047F1D0DADA00049A99A /* RuleController.swift in Sources */ = {isa = PBXBuildFile; fileRef = D099047E1D0DADA00049A99A /* RuleController.swift */; };
		D0DD62FC1D0BE58800B46F4F /* Assets.xcassets in Resources */ = {isa = PBXBuildFile; fileRef = D0DD62FB1D0BE58800B46F4F /* Assets.xcassets */; };
/* End PBXBuildFile section */

/* Begin PBXFileReference section */
		16E90600D604D2A6732C5C41 /* Pods-EstValleyball.debug.xcconfig */ = {isa = PBXFileReference; includeInIndex = 1; lastKnownFileType = text.xcconfig; name = "Pods-EstValleyball.debug.xcconfig"; path = "Pods/Target Support Files/Pods-EstValleyball/Pods-EstValleyball.debug.xcconfig"; sourceTree = "<group>"; };
		AB6E662FC22F19D8059234B6 /* Pods-EstValleyball.release.xcconfig */ = {isa = PBXFileReference; includeInIndex = 1; lastKnownFileType = text.xcconfig; name = "Pods-EstValleyball.release.xcconfig"; path = "Pods/Target Support Files/Pods-EstValleyball/Pods-EstValleyball.release.xcconfig"; sourceTree = "<group>"; };
		B6EB32309C2C9B5308BCF582 /* Pods_EstValleyball.framework */ = {isa = PBXFileReference; explicitFileType = wrapper.framework; includeInIndex = 0; path = Pods_EstValleyball.framework; sourceTree = BUILT_PRODUCTS_DIR; };
		D0698B4F1D09317C00854814 /* EstValleyball.app */ = {isa = PBXFileReference; explicitFileType = wrapper.application; includeInIndex = 0; path = EstValleyball.app; sourceTree = BUILT_PRODUCTS_DIR; };
		D0698B521D09317C00854814 /* AppDelegate.swift */ = {isa = PBXFileReference; lastKnownFileType = sourcecode.swift; path = AppDelegate.swift; sourceTree = "<group>"; };
		D0698B541D09317C00854814 /* ViewController.swift */ = {isa = PBXFileReference; lastKnownFileType = sourcecode.swift; path = ViewController.swift; sourceTree = "<group>"; };
		D0698B5C1D09317C00854814 /* Base */ = {isa = PBXFileReference; lastKnownFileType = file.storyboard; name = Base; path = Base.lproj/LaunchScreen.storyboard; sourceTree = "<group>"; };
		D0698B5E1D09317C00854814 /* Info.plist */ = {isa = PBXFileReference; lastKnownFileType = text.plist.xml; path = Info.plist; sourceTree = "<group>"; };
		D0698B651D094FB600854814 /* HomeController.swift */ = {isa = PBXFileReference; fileEncoding = 4; lastKnownFileType = sourcecode.swift; path = HomeController.swift; sourceTree = "<group>"; };
		D0698B671D09532700854814 /* Constants.swift */ = {isa = PBXFileReference; fileEncoding = 4; lastKnownFileType = sourcecode.swift; path = Constants.swift; sourceTree = "<group>"; };
		D0698B691D0954B900854814 /* StartGameController.swift */ = {isa = PBXFileReference; fileEncoding = 4; lastKnownFileType = sourcecode.swift; path = StartGameController.swift; sourceTree = "<group>"; };
		D0698B6C1D0A803F00854814 /* GameController.swift */ = {isa = PBXFileReference; fileEncoding = 4; lastKnownFileType = sourcecode.swift; path = GameController.swift; sourceTree = "<group>"; };
		D0698B6E1D0AB82800854814 /* PSL053pro_0.ttf */ = {isa = PBXFileReference; lastKnownFileType = file; path = PSL053pro_0.ttf; sourceTree = "<group>"; };
		D0698B701D0AD97200854814 /* Est-Bridging-Header.h */ = {isa = PBXFileReference; fileEncoding = 4; lastKnownFileType = sourcecode.c.h; path = "Est-Bridging-Header.h"; sourceTree = "<group>"; };
		D0698B711D0ADBD000854814 /* UICountingLabel.h */ = {isa = PBXFileReference; fileEncoding = 4; lastKnownFileType = sourcecode.c.h; path = UICountingLabel.h; sourceTree = "<group>"; };
		D09904731D0C606E0049A99A /* Gyroscope.swift */ = {isa = PBXFileReference; fileEncoding = 4; lastKnownFileType = sourcecode.swift; path = Gyroscope.swift; sourceTree = "<group>"; };
		D09904751D0D76520049A99A /* ResultController.swift */ = {isa = PBXFileReference; fileEncoding = 4; lastKnownFileType = sourcecode.swift; path = ResultController.swift; sourceTree = "<group>"; };
		D09904791D0D7A100049A99A /* MenuController.swift */ = {isa = PBXFileReference; fileEncoding = 4; lastKnownFileType = sourcecode.swift; path = MenuController.swift; sourceTree = "<group>"; };
		D099047C1D0D8C6F0049A99A /* Base */ = {isa = PBXFileReference; lastKnownFileType = file.storyboard; name = Base; path = Base.lproj/Main.storyboard; sourceTree = "<group>"; };
		D099047E1D0DADA00049A99A /* RuleController.swift */ = {isa = PBXFileReference; fileEncoding = 4; lastKnownFileType = sourcecode.swift; path = RuleController.swift; sourceTree = "<group>"; };
		D0DD62FB1D0BE58800B46F4F /* Assets.xcassets */ = {isa = PBXFileReference; lastKnownFileType = folder.assetcatalog; path = Assets.xcassets; sourceTree = "<group>"; };
/* End PBXFileReference section */

/* Begin PBXFrameworksBuildPhase section */
		D0698B4C1D09317C00854814 /* Frameworks */ = {
			isa = PBXFrameworksBuildPhase;
			buildActionMask = 2147483647;
			files = (
				C5F730AB1EDBE27C6002F549 /* Pods_EstValleyball.framework in Frameworks */,
			);
			runOnlyForDeploymentPostprocessing = 0;
		};
/* End PBXFrameworksBuildPhase section */

/* Begin PBXGroup section */
		56705706654F33E4C006E496 /* Pods */ = {
			isa = PBXGroup;
			children = (
				16E90600D604D2A6732C5C41 /* Pods-EstValleyball.debug.xcconfig */,
				AB6E662FC22F19D8059234B6 /* Pods-EstValleyball.release.xcconfig */,
			);
			name = Pods;
			sourceTree = "<group>";
		};
		7DB7B41295A1C3AD92BAA67B /* Frameworks */ = {
			isa = PBXGroup;
			children = (
				B6EB32309C2C9B5308BCF582 /* Pods_EstValleyball.framework */,
			);
			name = Frameworks;
			sourceTree = "<group>";
		};
		D0698B461D09317B00854814 = {
			isa = PBXGroup;
			children = (
				D0698B511D09317C00854814 /* EstValleyball */,
				D0698B501D09317C00854814 /* Products */,
				56705706654F33E4C006E496 /* Pods */,
				7DB7B41295A1C3AD92BAA67B /* Frameworks */,
			);
			sourceTree = "<group>";
		};
		D0698B501D09317C00854814 /* Products */ = {
			isa = PBXGroup;
			children = (
				D0698B4F1D09317C00854814 /* EstValleyball.app */,
			);
			name = Products;
			sourceTree = "<group>";
		};
		D0698B511D09317C00854814 /* EstValleyball */ = {
			isa = PBXGroup;
			children = (
				D0698B6B1D09566100854814 /* Fonts */,
				D0698B641D094F5700854814 /* Controllers */,
				D0698B521D09317C00854814 /* AppDelegate.swift */,
				D0698B541D09317C00854814 /* ViewController.swift */,
				D0DD62FB1D0BE58800B46F4F /* Assets.xcassets */,
				D099047B1D0D8C6F0049A99A /* Main.storyboard */,
				D0698B5B1D09317C00854814 /* LaunchScreen.storyboard */,
				D0698B5E1D09317C00854814 /* Info.plist */,
				D0698B671D09532700854814 /* Constants.swift */,
				D0698B701D0AD97200854814 /* Est-Bridging-Header.h */,
				D0698B711D0ADBD000854814 /* UICountingLabel.h */,
				D09904731D0C606E0049A99A /* Gyroscope.swift */,
			);
			path = EstValleyball;
			sourceTree = "<group>";
		};
		D0698B641D094F5700854814 /* Controllers */ = {
			isa = PBXGroup;
			children = (
				D0698B651D094FB600854814 /* HomeController.swift */,
				D0698B691D0954B900854814 /* StartGameController.swift */,
				D0698B6C1D0A803F00854814 /* GameController.swift */,
				D09904751D0D76520049A99A /* ResultController.swift */,
				D09904791D0D7A100049A99A /* MenuController.swift */,
				D099047E1D0DADA00049A99A /* RuleController.swift */,
			);
			name = Controllers;
			sourceTree = "<group>";
		};
		D0698B6B1D09566100854814 /* Fonts */ = {
			isa = PBXGroup;
			children = (
				D0698B6E1D0AB82800854814 /* PSL053pro_0.ttf */,
			);
			name = Fonts;
			sourceTree = "<group>";
		};
/* End PBXGroup section */

/* Begin PBXNativeTarget section */
		D0698B4E1D09317C00854814 /* EstValleyball */ = {
			isa = PBXNativeTarget;
			buildConfigurationList = D0698B611D09317C00854814 /* Build configuration list for PBXNativeTarget "EstValleyball" */;
			buildPhases = (
				B85D39F3722D17A69F4D895A /* [CP] Check Pods Manifest.lock */,
				D0698B4B1D09317C00854814 /* Sources */,
				D0698B4C1D09317C00854814 /* Frameworks */,
				D0698B4D1D09317C00854814 /* Resources */,
				65F70063EB70A3A6DA60FFF1 /* [CP] Embed Pods Frameworks */,
				DCB9EE5A369CFDF300B9B29A /* [CP] Copy Pods Resources */,
			);
			buildRules = (
			);
			dependencies = (
			);
			name = EstValleyball;
			productName = EstValleyball;
			productReference = D0698B4F1D09317C00854814 /* EstValleyball.app */;
			productType = "com.apple.product-type.application";
		};
/* End PBXNativeTarget section */

/* Begin PBXProject section */
		D0698B471D09317B00854814 /* Project object */ = {
			isa = PBXProject;
			attributes = {
				LastSwiftUpdateCheck = 0730;
				LastUpgradeCheck = 0730;
				ORGANIZATIONNAME = "Nathakorn Sukumsirichart";
				TargetAttributes = {
					D0698B4E1D09317C00854814 = {
						CreatedOnToolsVersion = 7.3.1;
						DevelopmentTeam = VC2Q84EQ3X;
					};
				};
			};
			buildConfigurationList = D0698B4A1D09317B00854814 /* Build configuration list for PBXProject "EstValleyball" */;
			compatibilityVersion = "Xcode 3.2";
			developmentRegion = English;
			hasScannedForEncodings = 0;
			knownRegions = (
				en,
				Base,
			);
			mainGroup = D0698B461D09317B00854814;
			productRefGroup = D0698B501D09317C00854814 /* Products */;
			projectDirPath = "";
			projectRoot = "";
			targets = (
				D0698B4E1D09317C00854814 /* EstValleyball */,
			);
		};
/* End PBXProject section */

/* Begin PBXResourcesBuildPhase section */
		D0698B4D1D09317C00854814 /* Resources */ = {
			isa = PBXResourcesBuildPhase;
			buildActionMask = 2147483647;
			files = (
				D0698B5D1D09317C00854814 /* LaunchScreen.storyboard in Resources */,
				D0698B6F1D0AB82800854814 /* PSL053pro_0.ttf in Resources */,
				D0DD62FC1D0BE58800B46F4F /* Assets.xcassets in Resources */,
				D099047D1D0D8C6F0049A99A /* Main.storyboard in Resources */,
			);
			runOnlyForDeploymentPostprocessing = 0;
		};
/* End PBXResourcesBuildPhase section */

/* Begin PBXShellScriptBuildPhase section */
		65F70063EB70A3A6DA60FFF1 /* [CP] Embed Pods Frameworks */ = {
			isa = PBXShellScriptBuildPhase;
			buildActionMask = 2147483647;
			files = (
			);
			inputPaths = (
			);
			name = "[CP] Embed Pods Frameworks";
			outputPaths = (
			);
			runOnlyForDeploymentPostprocessing = 0;
			shellPath = /bin/sh;
			shellScript = "\"${SRCROOT}/Pods/Target Support Files/Pods-EstValleyball/Pods-EstValleyball-frameworks.sh\"\n";
			showEnvVarsInLog = 0;
		};
		B85D39F3722D17A69F4D895A /* [CP] Check Pods Manifest.lock */ = {
			isa = PBXShellScriptBuildPhase;
			buildActionMask = 2147483647;
			files = (
			);
			inputPaths = (
			);
			name = "[CP] Check Pods Manifest.lock";
			outputPaths = (
			);
			runOnlyForDeploymentPostprocessing = 0;
			shellPath = /bin/sh;
			shellScript = "diff \"${PODS_ROOT}/../Podfile.lock\" \"${PODS_ROOT}/Manifest.lock\" > /dev/null\nif [[ $? != 0 ]] ; then\n    cat << EOM\nerror: The sandbox is not in sync with the Podfile.lock. Run 'pod install' or update your CocoaPods installation.\nEOM\n    exit 1\nfi\n";
			showEnvVarsInLog = 0;
		};
		DCB9EE5A369CFDF300B9B29A /* [CP] Copy Pods Resources */ = {
			isa = PBXShellScriptBuildPhase;
			buildActionMask = 2147483647;
			files = (
			);
			inputPaths = (
			);
			name = "[CP] Copy Pods Resources";
			outputPaths = (
			);
			runOnlyForDeploymentPostprocessing = 0;
			shellPath = /bin/sh;
			shellScript = "\"${SRCROOT}/Pods/Target Support Files/Pods-EstValleyball/Pods-EstValleyball-resources.sh\"\n";
			showEnvVarsInLog = 0;
		};
/* End PBXShellScriptBuildPhase section */

/* Begin PBXSourcesBuildPhase section */
		D0698B4B1D09317C00854814 /* Sources */ = {
			isa = PBXSourcesBuildPhase;
			buildActionMask = 2147483647;
			files = (
				D0698B551D09317C00854814 /* ViewController.swift in Sources */,
				D099047A1D0D7A100049A99A /* MenuController.swift in Sources */,
				D0698B6D1D0A804000854814 /* GameController.swift in Sources */,
				D0698B531D09317C00854814 /* AppDelegate.swift in Sources */,
				D0698B6A1D0954B900854814 /* StartGameController.swift in Sources */,
				D09904761D0D76520049A99A /* ResultController.swift in Sources */,
				D09904741D0C606E0049A99A /* Gyroscope.swift in Sources */,
				D0698B661D094FB600854814 /* HomeController.swift in Sources */,
				D0698B681D09532700854814 /* Constants.swift in Sources */,
				D099047F1D0DADA00049A99A /* RuleController.swift in Sources */,
			);
			runOnlyForDeploymentPostprocessing = 0;
		};
/* End PBXSourcesBuildPhase section */

/* Begin PBXVariantGroup section */
		D0698B5B1D09317C00854814 /* LaunchScreen.storyboard */ = {
			isa = PBXVariantGroup;
			children = (
				D0698B5C1D09317C00854814 /* Base */,
			);
			name = LaunchScreen.storyboard;
			sourceTree = "<group>";
		};
		D099047B1D0D8C6F0049A99A /* Main.storyboard */ = {
			isa = PBXVariantGroup;
			children = (
				D099047C1D0D8C6F0049A99A /* Base */,
			);
			name = Main.storyboard;
			sourceTree = "<group>";
		};
/* End PBXVariantGroup section */

/* Begin XCBuildConfiguration section */
		D0698B5F1D09317C00854814 /* Debug */ = {
			isa = XCBuildConfiguration;
			buildSettings = {
				ALWAYS_SEARCH_USER_PATHS = NO;
				CLANG_ANALYZER_NONNULL = YES;
				CLANG_CXX_LANGUAGE_STANDARD = "gnu++0x";
				CLANG_CXX_LIBRARY = "libc++";
				CLANG_ENABLE_MODULES = YES;
				CLANG_ENABLE_OBJC_ARC = YES;
				CLANG_WARN_BOOL_CONVERSION = YES;
				CLANG_WARN_CONSTANT_CONVERSION = YES;
				CLANG_WARN_DIRECT_OBJC_ISA_USAGE = YES_ERROR;
				CLANG_WARN_EMPTY_BODY = YES;
				CLANG_WARN_ENUM_CONVERSION = YES;
				CLANG_WARN_INT_CONVERSION = YES;
				CLANG_WARN_OBJC_ROOT_CLASS = YES_ERROR;
				CLANG_WARN_UNREACHABLE_CODE = YES;
				CLANG_WARN__DUPLICATE_METHOD_MATCH = YES;
				"CODE_SIGN_IDENTITY[sdk=iphoneos*]" = "iPhone Developer";
				COPY_PHASE_STRIP = NO;
				DEBUG_INFORMATION_FORMAT = dwarf;
				ENABLE_STRICT_OBJC_MSGSEND = YES;
				ENABLE_TESTABILITY = YES;
				GCC_C_LANGUAGE_STANDARD = gnu99;
				GCC_DYNAMIC_NO_PIC = NO;
				GCC_NO_COMMON_BLOCKS = YES;
				GCC_OPTIMIZATION_LEVEL = 0;
				GCC_PREPROCESSOR_DEFINITIONS = (
					"DEBUG=1",
					"$(inherited)",
				);
				GCC_WARN_64_TO_32_BIT_CONVERSION = YES;
				GCC_WARN_ABOUT_RETURN_TYPE = YES_ERROR;
				GCC_WARN_UNDECLARED_SELECTOR = YES;
				GCC_WARN_UNINITIALIZED_AUTOS = YES_AGGRESSIVE;
				GCC_WARN_UNUSED_FUNCTION = YES;
				GCC_WARN_UNUSED_VARIABLE = YES;
				IPHONEOS_DEPLOYMENT_TARGET = 9.3;
				MTL_ENABLE_DEBUG_INFO = YES;
				ONLY_ACTIVE_ARCH = YES;
				SDKROOT = iphoneos;
				SWIFT_OPTIMIZATION_LEVEL = "-Onone";
			};
			name = Debug;
		};
		D0698B601D09317C00854814 /* Release */ = {
			isa = XCBuildConfiguration;
			buildSettings = {
				ALWAYS_SEARCH_USER_PATHS = NO;
				CLANG_ANALYZER_NONNULL = YES;
				CLANG_CXX_LANGUAGE_STANDARD = "gnu++0x";
				CLANG_CXX_LIBRARY = "libc++";
				CLANG_ENABLE_MODULES = YES;
				CLANG_ENABLE_OBJC_ARC = YES;
				CLANG_WARN_BOOL_CONVERSION = YES;
				CLANG_WARN_CONSTANT_CONVERSION = YES;
				CLANG_WARN_DIRECT_OBJC_ISA_USAGE = YES_ERROR;
				CLANG_WARN_EMPTY_BODY = YES;
				CLANG_WARN_ENUM_CONVERSION = YES;
				CLANG_WARN_INT_CONVERSION = YES;
				CLANG_WARN_OBJC_ROOT_CLASS = YES_ERROR;
				CLANG_WARN_UNREACHABLE_CODE = YES;
				CLANG_WARN__DUPLICATE_METHOD_MATCH = YES;
				"CODE_SIGN_IDENTITY[sdk=iphoneos*]" = "iPhone Developer";
				COPY_PHASE_STRIP = NO;
				DEBUG_INFORMATION_FORMAT = "dwarf-with-dsym";
				ENABLE_NS_ASSERTIONS = NO;
				ENABLE_STRICT_OBJC_MSGSEND = YES;
				GCC_C_LANGUAGE_STANDARD = gnu99;
				GCC_NO_COMMON_BLOCKS = YES;
				GCC_WARN_64_TO_32_BIT_CONVERSION = YES;
				GCC_WARN_ABOUT_RETURN_TYPE = YES_ERROR;
				GCC_WARN_UNDECLARED_SELECTOR = YES;
				GCC_WARN_UNINITIALIZED_AUTOS = YES_AGGRESSIVE;
				GCC_WARN_UNUSED_FUNCTION = YES;
				GCC_WARN_UNUSED_VARIABLE = YES;
				IPHONEOS_DEPLOYMENT_TARGET = 9.3;
				MTL_ENABLE_DEBUG_INFO = NO;
				SDKROOT = iphoneos;
				VALIDATE_PRODUCT = YES;
			};
			name = Release;
		};
		D0698B621D09317C00854814 /* Debug */ = {
			isa = XCBuildConfiguration;
			baseConfigurationReference = 16E90600D604D2A6732C5C41 /* Pods-EstValleyball.debug.xcconfig */;
			buildSettings = {
				ASSETCATALOG_COMPILER_APPICON_NAME = AppIcon;
				CODE_SIGN_IDENTITY = "iPhone Developer";
				"CODE_SIGN_IDENTITY[sdk=iphoneos*]" = "iPhone Developer";
				INFOPLIST_FILE = EstValleyball/Info.plist;
				LD_RUNPATH_SEARCH_PATHS = "$(inherited) @executable_path/Frameworks";
				PRODUCT_BUNDLE_IDENTIFIER = com.nathakorn.EstValleyball;
				PRODUCT_NAME = "$(TARGET_NAME)";
				PROVISIONING_PROFILE = "";
				SWIFT_OBJC_BRIDGING_HEADER = "EstValleyball/Est-Bridging-Header.h";
			};
			name = Debug;
		};
		D0698B631D09317C00854814 /* Release */ = {
			isa = XCBuildConfiguration;
			baseConfigurationReference = AB6E662FC22F19D8059234B6 /* Pods-EstValleyball.release.xcconfig */;
			buildSettings = {
				ASSETCATALOG_COMPILER_APPICON_NAME = AppIcon;
				CODE_SIGN_IDENTITY = "iPhone Developer";
				"CODE_SIGN_IDENTITY[sdk=iphoneos*]" = "iPhone Developer";
				INFOPLIST_FILE = EstValleyball/Info.plist;
				LD_RUNPATH_SEARCH_PATHS = "$(inherited) @executable_path/Frameworks";
				PRODUCT_BUNDLE_IDENTIFIER = com.nathakorn.EstValleyball;
				PRODUCT_NAME = "$(TARGET_NAME)";
				PROVISIONING_PROFILE = "";
				SWIFT_OBJC_BRIDGING_HEADER = "EstValleyball/Est-Bridging-Header.h";
			};
			name = Release;
		};
/* End XCBuildConfiguration section */

/* Begin XCConfigurationList section */
		D0698B4A1D09317B00854814 /* Build configuration list for PBXProject "EstValleyball" */ = {
			isa = XCConfigurationList;
			buildConfigurations = (
				D0698B5F1D09317C00854814 /* Debug */,
				D0698B601D09317C00854814 /* Release */,
			);
			defaultConfigurationIsVisible = 0;
			defaultConfigurationName = Release;
		};
		D0698B611D09317C00854814 /* Build configuration list for PBXNativeTarget "EstValleyball" */ = {
			isa = XCConfigurationList;
			buildConfigurations = (
				D0698B621D09317C00854814 /* Debug */,
				D0698B631D09317C00854814 /* Release */,
			);
			defaultConfigurationIsVisible = 0;
			defaultConfigurationName = Release;
		};
/* End XCConfigurationList section */
	};
	rootObject = D0698B471D09317B00854814 /* Project object */;
}
